// !$*UTF8*$!
{
	archiveVersion = 1;
	classes = {
	};
	objectVersion = 46;
	objects = {

/* Begin PBXFileReference section */
		B539E8BE1AB4BF130038E209 /* ContactUs.php */ = {isa = PBXFileReference; lastKnownFileType = text.script.php; name = ContactUs.php; path = Website/ContactUs.php; sourceTree = "<group>"; };
		B591EB771AB1FA4F00BB5413 /* tab2.png */ = {isa = PBXFileReference; lastKnownFileType = image.png; path = tab2.png; sourceTree = "<group>"; };
		B591EB791AB2004800BB5413 /* tab4.png */ = {isa = PBXFileReference; lastKnownFileType = image.png; path = tab4.png; sourceTree = "<group>"; };
		B591EB7B1AB246FB00BB5413 /* iPushUpCounter.html */ = {isa = PBXFileReference; lastKnownFileType = text.html; name = iPushUpCounter.html; path = Website/iPushUpCounter.html; sourceTree = "<group>"; };
		B591EB7C1AB24DF500BB5413 /* push2.png */ = {isa = PBXFileReference; lastKnownFileType = image.png; path = push2.png; sourceTree = "<group>"; };
		B591EB7D1AB24DF500BB5413 /* push3.png */ = {isa = PBXFileReference; lastKnownFileType = image.png; path = push3.png; sourceTree = "<group>"; };
		B591EB7E1AB24DF500BB5413 /* push1.png */ = {isa = PBXFileReference; lastKnownFileType = image.png; path = push1.png; sourceTree = "<group>"; };
		B591EB7F1AB25C3300BB5413 /* background.jpg */ = {isa = PBXFileReference; lastKnownFileType = image.jpeg; path = background.jpg; sourceTree = "<group>"; };
		B591EB801AB2743000BB5413 /* fb.png */ = {isa = PBXFileReference; lastKnownFileType = image.png; path = fb.png; sourceTree = "<group>"; };
		B591EB821AB2743000BB5413 /* tw.png */ = {isa = PBXFileReference; lastKnownFileType = image.png; path = tw.png; sourceTree = "<group>"; };
		B591EB831AB2743000BB5413 /* linkedIn.png */ = {isa = PBXFileReference; lastKnownFileType = image.png; path = linkedIn.png; sourceTree = "<group>"; };
		B591EB861AB27EC800BB5413 /* git.png */ = {isa = PBXFileReference; lastKnownFileType = image.png; path = git.png; sourceTree = "<group>"; };
		B591EB871AB28D6D00BB5413 /* freshAir.png */ = {isa = PBXFileReference; lastKnownFileType = image.png; path = freshAir.png; sourceTree = "<group>"; };
		B591EB881AB2984200BB5413 /* marzLogo.png */ = {isa = PBXFileReference; lastKnownFileType = image.png; path = marzLogo.png; sourceTree = "<group>"; };
		B591EB891AB2994D00BB5413 /* marzLogo2.jpg */ = {isa = PBXFileReference; lastKnownFileType = image.jpeg; path = marzLogo2.jpg; sourceTree = "<group>"; };
		B591EB8B1AB2ACAD00BB5413 /* RoadTripGames.html */ = {isa = PBXFileReference; lastKnownFileType = text.html; name = RoadTripGames.html; path = Website/RoadTripGames.html; sourceTree = "<group>"; };
		B591EB8C1AB2ACBA00BB5413 /* ICETank.html */ = {isa = PBXFileReference; lastKnownFileType = text.html; name = ICETank.html; path = Website/ICETank.html; sourceTree = "<group>"; };
		B591EB8D1AB2ACCB00BB5413 /* NYRCDevotionals.html */ = {isa = PBXFileReference; lastKnownFileType = text.html; name = NYRCDevotionals.html; path = Website/NYRCDevotionals.html; sourceTree = "<group>"; };
		B591EB8E1AB2ACDC00BB5413 /* iSitUp.html */ = {isa = PBXFileReference; lastKnownFileType = text.html; name = iSitUp.html; path = Website/iSitUp.html; sourceTree = "<group>"; };
		B591EB8F1AB2ACEA00BB5413 /* contact.html */ = {isa = PBXFileReference; lastKnownFileType = text.html; name = contact.html; path = Website/contact.html; sourceTree = "<group>"; };
		B591EB901AB2ACF300BB5413 /* about.html */ = {isa = PBXFileReference; lastKnownFileType = text.html; name = about.html; path = Website/about.html; sourceTree = "<group>"; };
		B591EB911AB2AD6500BB5413 /* iPushUpCounterPro.html */ = {isa = PBXFileReference; lastKnownFileType = text.html; name = iPushUpCounterPro.html; path = Website/iPushUpCounterPro.html; sourceTree = "<group>"; };
		B591EB941AB3216F00BB5413 /* badge_appstore-lrg.png */ = {isa = PBXFileReference; lastKnownFileType = image.png; path = "badge_appstore-lrg.png"; sourceTree = "<group>"; };
		B591EB961AB325FD00BB5413 /* icon.png */ = {isa = PBXFileReference; lastKnownFileType = image.png; path = icon.png; sourceTree = "<group>"; };
		B591EB971AB33F2200BB5413 /* roadDesc2.png */ = {isa = PBXFileReference; lastKnownFileType = image.png; path = roadDesc2.png; sourceTree = "<group>"; };
		B591EB981AB33F2200BB5413 /* roadDesc1.png */ = {isa = PBXFileReference; lastKnownFileType = image.png; path = roadDesc1.png; sourceTree = "<group>"; };
		B591EB991AB33F2200BB5413 /* roadDesc3.png */ = {isa = PBXFileReference; lastKnownFileType = image.png; path = roadDesc3.png; sourceTree = "<group>"; };
		B591EB9A1AB33F9700BB5413 /* pushpro1.png */ = {isa = PBXFileReference; lastKnownFileType = image.png; path = pushpro1.png; sourceTree = "<group>"; };
		B591EB9E1AB3423C00BB5413 /* iceDesc1.png */ = {isa = PBXFileReference; lastKnownFileType = image.png; path = iceDesc1.png; sourceTree = "<group>"; };
		B591EB9F1AB3423C00BB5413 /* iceDesc2.png */ = {isa = PBXFileReference; lastKnownFileType = image.png; path = iceDesc2.png; sourceTree = "<group>"; };
		B591EBA01AB3423C00BB5413 /* iceDesc3.png */ = {isa = PBXFileReference; lastKnownFileType = image.png; path = iceDesc3.png; sourceTree = "<group>"; };
		B591EBA11AB344E400BB5413 /* sitDesc1.png */ = {isa = PBXFileReference; lastKnownFileType = image.png; path = sitDesc1.png; sourceTree = "<group>"; };
		B591EBA21AB344E400BB5413 /* sitDesc2.png */ = {isa = PBXFileReference; lastKnownFileType = image.png; path = sitDesc2.png; sourceTree = "<group>"; };
		B591EBA31AB344E400BB5413 /* sitDesc3.png */ = {isa = PBXFileReference; lastKnownFileType = image.png; path = sitDesc3.png; sourceTree = "<group>"; };
		B591EBA41AB3462D00BB5413 /* nyrcDesc3.png */ = {isa = PBXFileReference; lastKnownFileType = image.png; path = nyrcDesc3.png; sourceTree = "<group>"; };
		B591EBA51AB3462D00BB5413 /* nyrcDesc2.png */ = {isa = PBXFileReference; lastKnownFileType = image.png; path = nyrcDesc2.png; sourceTree = "<group>"; };
		B591EBA61AB3462D00BB5413 /* nyrcDesc1.png */ = {isa = PBXFileReference; lastKnownFileType = image.png; path = nyrcDesc1.png; sourceTree = "<group>"; };
		B591EBA71AB34CF700BB5413 /* sphero.jpg */ = {isa = PBXFileReference; lastKnownFileType = image.jpeg; path = sphero.jpg; sourceTree = "<group>"; };
		B5B508AF1AB1237A00080865 /* style.css */ = {isa = PBXFileReference; lastKnownFileType = text.css; path = style.css; sourceTree = "<group>"; };
		B5B508B11AB1237A00080865 /* iceTank.jpg */ = {isa = PBXFileReference; lastKnownFileType = image.jpeg; path = iceTank.jpg; sourceTree = "<group>"; };
		B5B508B21AB1237A00080865 /* NYRC.jpg */ = {isa = PBXFileReference; lastKnownFileType = image.jpeg; path = NYRC.jpg; sourceTree = "<group>"; };
		B5B508B31AB1237A00080865 /* pushup.png */ = {isa = PBXFileReference; lastKnownFileType = image.png; path = pushup.png; sourceTree = "<group>"; };
		B5B508B41AB1237A00080865 /* pushupPro.jpg */ = {isa = PBXFileReference; lastKnownFileType = image.jpeg; path = pushupPro.jpg; sourceTree = "<group>"; };
		B5B508B51AB1237A00080865 /* roadTrip.jpg */ = {isa = PBXFileReference; lastKnownFileType = image.jpeg; path = roadTrip.jpg; sourceTree = "<group>"; };
		B5B508B61AB1237A00080865 /* situp.jpg */ = {isa = PBXFileReference; lastKnownFileType = image.jpeg; path = situp.jpg; sourceTree = "<group>"; };
		B5B508B71AB1237A00080865 /* index.html */ = {isa = PBXFileReference; lastKnownFileType = text.html; name = index.html; path = Website/index.html; sourceTree = "<group>"; };
/* End PBXFileReference section */

/* Begin PBXGroup section */
		B5B508A61AB1237100080865 = {
			isa = PBXGroup;
			children = (
				B5B508B01AB1237A00080865 /* images */,
				B5B508AE1AB1237A00080865 /* css */,
				B5B508B71AB1237A00080865 /* index.html */,
				B591EB911AB2AD6500BB5413 /* iPushUpCounterPro.html */,
				B591EB7B1AB246FB00BB5413 /* iPushUpCounter.html */,
				B591EB8B1AB2ACAD00BB5413 /* RoadTripGames.html */,
				B591EB8C1AB2ACBA00BB5413 /* ICETank.html */,
				B591EB8D1AB2ACCB00BB5413 /* NYRCDevotionals.html */,
				B591EB8E1AB2ACDC00BB5413 /* iSitUp.html */,
				B591EB901AB2ACF300BB5413 /* about.html */,
				B591EB8F1AB2ACEA00BB5413 /* contact.html */,
				B539E8BE1AB4BF130038E209 /* ContactUs.php */,
			);
			sourceTree = "<group>";
		};
		B5B508AE1AB1237A00080865 /* css */ = {
			isa = PBXGroup;
			children = (
				B5B508AF1AB1237A00080865 /* style.css */,
			);
			name = css;
			path = Website/css;
			sourceTree = "<group>";
		};
		B5B508B01AB1237A00080865 /* images */ = {
			isa = PBXGroup;
			children = (
				B591EB941AB3216F00BB5413 /* badge_appstore-lrg.png */,
				B591EB861AB27EC800BB5413 /* git.png */,
				B591EB801AB2743000BB5413 /* fb.png */,
				B591EB821AB2743000BB5413 /* tw.png */,
				B591EB831AB2743000BB5413 /* linkedIn.png */,
				B591EB7F1AB25C3300BB5413 /* background.jpg */,
				B591EB771AB1FA4F00BB5413 /* tab2.png */,
				B591EB791AB2004800BB5413 /* tab4.png */,
				B5B508B21AB1237A00080865 /* NYRC.jpg */,
				B591EBA41AB3462D00BB5413 /* nyrcDesc3.png */,
				B591EBA51AB3462D00BB5413 /* nyrcDesc2.png */,
				B591EBA61AB3462D00BB5413 /* nyrcDesc1.png */,
				B5B508B11AB1237A00080865 /* iceTank.jpg */,
				B591EB9E1AB3423C00BB5413 /* iceDesc1.png */,
				B591EB9F1AB3423C00BB5413 /* iceDesc2.png */,
				B591EBA01AB3423C00BB5413 /* iceDesc3.png */,
				B5B508B31AB1237A00080865 /* pushup.png */,
				B591EB7C1AB24DF500BB5413 /* push2.png */,
				B591EB7D1AB24DF500BB5413 /* push3.png */,
				B591EB7E1AB24DF500BB5413 /* push1.png */,
				B5B508B41AB1237A00080865 /* pushupPro.jpg */,
				B591EB9A1AB33F9700BB5413 /* pushpro1.png */,
				B5B508B51AB1237A00080865 /* roadTrip.jpg */,
				B591EB971AB33F2200BB5413 /* roadDesc2.png */,
				B591EB981AB33F2200BB5413 /* roadDesc1.png */,
				B591EB991AB33F2200BB5413 /* roadDesc3.png */,
				B5B508B61AB1237A00080865 /* situp.jpg */,
				B591EBA11AB344E400BB5413 /* sitDesc1.png */,
				B591EBA21AB344E400BB5413 /* sitDesc2.png */,
				B591EBA31AB344E400BB5413 /* sitDesc3.png */,
				B591EB881AB2984200BB5413 /* marzLogo.png */,
				B591EB891AB2994D00BB5413 /* marzLogo2.jpg */,
				B591EB871AB28D6D00BB5413 /* freshAir.png */,
				B591EBA71AB34CF700BB5413 /* sphero.jpg */,
				B591EB961AB325FD00BB5413 /* icon.png */,
			);
			name = images;
			path = Website/images;
			sourceTree = "<group>";
		};
/* End PBXGroup section */

/* Begin PBXProject section */
		B5B508A71AB1237100080865 /* Project object */ = {
			isa = PBXProject;
			attributes = {
				LastUpgradeCheck = 0610;
			};
			buildConfigurationList = B5B508AA1AB1237100080865 /* Build configuration list for PBXProject "MarzWebsite" */;
			compatibilityVersion = "Xcode 3.2";
			developmentRegion = English;
			hasScannedForEncodings = 0;
			knownRegions = (
				en,
			);
			mainGroup = B5B508A61AB1237100080865;
			projectDirPath = "";
			projectRoot = "";
			targets = (
			);
		};
/* End PBXProject section */

/* Begin XCBuildConfiguration section */
		B5B508AB1AB1237100080865 /* Debug */ = {
			isa = XCBuildConfiguration;
			buildSettings = {
			};
			name = Debug;
		};
		B5B508AC1AB1237100080865 /* Release */ = {
			isa = XCBuildConfiguration;
			buildSettings = {
			};
			name = Release;
		};
/* End XCBuildConfiguration section */

/* Begin XCConfigurationList section */
		B5B508AA1AB1237100080865 /* Build configuration list for PBXProject "MarzWebsite" */ = {
			isa = XCConfigurationList;
			buildConfigurations = (
				B5B508AB1AB1237100080865 /* Debug */,
				B5B508AC1AB1237100080865 /* Release */,
			);
			defaultConfigurationIsVisible = 0;
			defaultConfigurationName = Release;
		};
/* End XCConfigurationList section */
	};
	rootObject = B5B508A71AB1237100080865 /* Project object */;
}
