// !$*UTF8*$!
{
	archiveVersion = 1;
	classes = {
	};
	objectVersion = 46;
	objects = {

/* Begin PBXFileReference section */
		B567A0B81E8F266100C2E103 /* about.html */ = {isa = PBXFileReference; lastKnownFileType = text.html; path = about.html; sourceTree = "<group>"; };
		B567A0B91E8F266100C2E103 /* contact.html */ = {isa = PBXFileReference; lastKnownFileType = text.html; path = contact.html; sourceTree = "<group>"; };
		B567A0BA1E8F266100C2E103 /* ContactUs.php */ = {isa = PBXFileReference; lastKnownFileType = text.script.php; path = ContactUs.php; sourceTree = "<group>"; };
		B567A0BC1E8F266100C2E103 /* style.css */ = {isa = PBXFileReference; lastKnownFileType = text.css; path = style.css; sourceTree = "<group>"; };
		B567A0BD1E8F266100C2E103 /* ICETank.html */ = {isa = PBXFileReference; lastKnownFileType = text.html; path = ICETank.html; sourceTree = "<group>"; };
		B567A0BF1E8F266100C2E103 /* background.jpg */ = {isa = PBXFileReference; lastKnownFileType = image.jpeg; path = background.jpg; sourceTree = "<group>"; };
		B567A0C01E8F266100C2E103 /* badge_appstore-lrg.png */ = {isa = PBXFileReference; lastKnownFileType = image.png; path = "badge_appstore-lrg.png"; sourceTree = "<group>"; };
		B567A0C11E8F266100C2E103 /* fb.png */ = {isa = PBXFileReference; lastKnownFileType = image.png; path = fb.png; sourceTree = "<group>"; };
		B567A0C21E8F266100C2E103 /* freshAir.png */ = {isa = PBXFileReference; lastKnownFileType = image.png; path = freshAir.png; sourceTree = "<group>"; };
		B567A0C31E8F266100C2E103 /* git.png */ = {isa = PBXFileReference; lastKnownFileType = image.png; path = git.png; sourceTree = "<group>"; };
		B567A0C41E8F266100C2E103 /* google.png */ = {isa = PBXFileReference; lastKnownFileType = image.png; path = google.png; sourceTree = "<group>"; };
		B567A0C51E8F266100C2E103 /* iceDesc1.png */ = {isa = PBXFileReference; lastKnownFileType = image.png; path = iceDesc1.png; sourceTree = "<group>"; };
		B567A0C61E8F266100C2E103 /* iceDesc2.png */ = {isa = PBXFileReference; lastKnownFileType = image.png; path = iceDesc2.png; sourceTree = "<group>"; };
		B567A0C71E8F266100C2E103 /* iceDesc3.png */ = {isa = PBXFileReference; lastKnownFileType = image.png; path = iceDesc3.png; sourceTree = "<group>"; };
		B567A0C81E8F266100C2E103 /* iceTank.jpg */ = {isa = PBXFileReference; lastKnownFileType = image.jpeg; path = iceTank.jpg; sourceTree = "<group>"; };
		B567A0C91E8F266100C2E103 /* icon.png */ = {isa = PBXFileReference; lastKnownFileType = image.png; path = icon.png; sourceTree = "<group>"; };
		B567A0CA1E8F266100C2E103 /* linkedIn.png */ = {isa = PBXFileReference; lastKnownFileType = image.png; path = linkedIn.png; sourceTree = "<group>"; };
		B567A0CB1E8F266100C2E103 /* marzLogo.png */ = {isa = PBXFileReference; lastKnownFileType = image.png; path = marzLogo.png; sourceTree = "<group>"; };
		B567A0CC1E8F266100C2E103 /* marzLogo2.jpg */ = {isa = PBXFileReference; lastKnownFileType = image.jpeg; path = marzLogo2.jpg; sourceTree = "<group>"; };
		B567A0CD1E8F266100C2E103 /* NYRC.jpg */ = {isa = PBXFileReference; lastKnownFileType = image.jpeg; path = NYRC.jpg; sourceTree = "<group>"; };
		B567A0CE1E8F266100C2E103 /* nyrcDesc1.png */ = {isa = PBXFileReference; lastKnownFileType = image.png; path = nyrcDesc1.png; sourceTree = "<group>"; };
		B567A0CF1E8F266100C2E103 /* nyrcDesc2.png */ = {isa = PBXFileReference; lastKnownFileType = image.png; path = nyrcDesc2.png; sourceTree = "<group>"; };
		B567A0D01E8F266100C2E103 /* nyrcDesc3.png */ = {isa = PBXFileReference; lastKnownFileType = image.png; path = nyrcDesc3.png; sourceTree = "<group>"; };
		B567A0D11E8F266100C2E103 /* push1.png */ = {isa = PBXFileReference; lastKnownFileType = image.png; path = push1.png; sourceTree = "<group>"; };
		B567A0D21E8F266100C2E103 /* push2.png */ = {isa = PBXFileReference; lastKnownFileType = image.png; path = push2.png; sourceTree = "<group>"; };
		B567A0D31E8F266100C2E103 /* push3.png */ = {isa = PBXFileReference; lastKnownFileType = image.png; path = push3.png; sourceTree = "<group>"; };
		B567A0D41E8F266100C2E103 /* pushpro1.png */ = {isa = PBXFileReference; lastKnownFileType = image.png; path = pushpro1.png; sourceTree = "<group>"; };
		B567A0D51E8F266100C2E103 /* pushup.png */ = {isa = PBXFileReference; lastKnownFileType = image.png; path = pushup.png; sourceTree = "<group>"; };
		B567A0D61E8F266100C2E103 /* pushupPro.jpg */ = {isa = PBXFileReference; lastKnownFileType = image.jpeg; path = pushupPro.jpg; sourceTree = "<group>"; };
		B567A0D71E8F266100C2E103 /* roadDesc1.png */ = {isa = PBXFileReference; lastKnownFileType = image.png; path = roadDesc1.png; sourceTree = "<group>"; };
		B567A0D81E8F266100C2E103 /* roadDesc2.png */ = {isa = PBXFileReference; lastKnownFileType = image.png; path = roadDesc2.png; sourceTree = "<group>"; };
		B567A0D91E8F266100C2E103 /* roadDesc3.png */ = {isa = PBXFileReference; lastKnownFileType = image.png; path = roadDesc3.png; sourceTree = "<group>"; };
		B567A0DA1E8F266100C2E103 /* roadTrip.jpg */ = {isa = PBXFileReference; lastKnownFileType = image.jpeg; path = roadTrip.jpg; sourceTree = "<group>"; };
		B567A0DB1E8F266100C2E103 /* sitDesc1.png */ = {isa = PBXFileReference; lastKnownFileType = image.png; path = sitDesc1.png; sourceTree = "<group>"; };
		B567A0DC1E8F266100C2E103 /* sitDesc2.png */ = {isa = PBXFileReference; lastKnownFileType = image.png; path = sitDesc2.png; sourceTree = "<group>"; };
		B567A0DD1E8F266100C2E103 /* sitDesc3.png */ = {isa = PBXFileReference; lastKnownFileType = image.png; path = sitDesc3.png; sourceTree = "<group>"; };
		B567A0DE1E8F266100C2E103 /* situp.jpg */ = {isa = PBXFileReference; lastKnownFileType = image.jpeg; path = situp.jpg; sourceTree = "<group>"; };
		B567A0DF1E8F266100C2E103 /* sphero.jpg */ = {isa = PBXFileReference; lastKnownFileType = image.jpeg; path = sphero.jpg; sourceTree = "<group>"; };
		B567A0E01E8F266100C2E103 /* tab2.png */ = {isa = PBXFileReference; lastKnownFileType = image.png; path = tab2.png; sourceTree = "<group>"; };
		B567A0E11E8F266100C2E103 /* tab4.png */ = {isa = PBXFileReference; lastKnownFileType = image.png; path = tab4.png; sourceTree = "<group>"; };
		B567A0E21E8F266100C2E103 /* tw.png */ = {isa = PBXFileReference; lastKnownFileType = image.png; path = tw.png; sourceTree = "<group>"; };
		B567A0E31E8F266100C2E103 /* index.html */ = {isa = PBXFileReference; lastKnownFileType = text.html; path = index.html; sourceTree = "<group>"; };
		B567A0E41E8F266100C2E103 /* iPushUpCounter.html */ = {isa = PBXFileReference; lastKnownFileType = text.html; path = iPushUpCounter.html; sourceTree = "<group>"; };
		B567A0E51E8F266100C2E103 /* iPushUpCounterPro.html */ = {isa = PBXFileReference; lastKnownFileType = text.html; path = iPushUpCounterPro.html; sourceTree = "<group>"; };
		B567A0E61E8F266100C2E103 /* iSitUp.html */ = {isa = PBXFileReference; lastKnownFileType = text.html; path = iSitUp.html; sourceTree = "<group>"; };
		B567A0E71E8F266100C2E103 /* MarzWebsite.xcodeproj */ = {isa = PBXFileReference; lastKnownFileType = "wrapper.pb-project"; path = MarzWebsite.xcodeproj; sourceTree = "<group>"; };
		B567A0EA1E8F266100C2E103 /* NYRCDevotionals.html */ = {isa = PBXFileReference; lastKnownFileType = text.html; path = NYRCDevotionals.html; sourceTree = "<group>"; };
		B567A0EB1E8F266100C2E103 /* RoadTripGames.html */ = {isa = PBXFileReference; lastKnownFileType = text.html; path = RoadTripGames.html; sourceTree = "<group>"; };
/* End PBXFileReference section */

/* Begin PBXGroup section */
		B567A0BB1E8F266100C2E103 /* css */ = {
			isa = PBXGroup;
			children = (
				B567A0BC1E8F266100C2E103 /* style.css */,
			);
			path = css;
			sourceTree = "<group>";
		};
		B567A0BE1E8F266100C2E103 /* images */ = {
			isa = PBXGroup;
			children = (
				B567A0BF1E8F266100C2E103 /* background.jpg */,
				B567A0C01E8F266100C2E103 /* badge_appstore-lrg.png */,
				B567A0C11E8F266100C2E103 /* fb.png */,
				B567A0C21E8F266100C2E103 /* freshAir.png */,
				B567A0C31E8F266100C2E103 /* git.png */,
				B567A0C41E8F266100C2E103 /* google.png */,
				B567A0C51E8F266100C2E103 /* iceDesc1.png */,
				B567A0C61E8F266100C2E103 /* iceDesc2.png */,
				B567A0C71E8F266100C2E103 /* iceDesc3.png */,
				B567A0C81E8F266100C2E103 /* iceTank.jpg */,
				B567A0C91E8F266100C2E103 /* icon.png */,
				B567A0CA1E8F266100C2E103 /* linkedIn.png */,
				B567A0CB1E8F266100C2E103 /* marzLogo.png */,
				B567A0CC1E8F266100C2E103 /* marzLogo2.jpg */,
				B567A0CD1E8F266100C2E103 /* NYRC.jpg */,
				B567A0CE1E8F266100C2E103 /* nyrcDesc1.png */,
				B567A0CF1E8F266100C2E103 /* nyrcDesc2.png */,
				B567A0D01E8F266100C2E103 /* nyrcDesc3.png */,
				B567A0D11E8F266100C2E103 /* push1.png */,
				B567A0D21E8F266100C2E103 /* push2.png */,
				B567A0D31E8F266100C2E103 /* push3.png */,
				B567A0D41E8F266100C2E103 /* pushpro1.png */,
				B567A0D51E8F266100C2E103 /* pushup.png */,
				B567A0D61E8F266100C2E103 /* pushupPro.jpg */,
				B567A0D71E8F266100C2E103 /* roadDesc1.png */,
				B567A0D81E8F266100C2E103 /* roadDesc2.png */,
				B567A0D91E8F266100C2E103 /* roadDesc3.png */,
				B567A0DA1E8F266100C2E103 /* roadTrip.jpg */,
				B567A0DB1E8F266100C2E103 /* sitDesc1.png */,
				B567A0DC1E8F266100C2E103 /* sitDesc2.png */,
				B567A0DD1E8F266100C2E103 /* sitDesc3.png */,
				B567A0DE1E8F266100C2E103 /* situp.jpg */,
				B567A0DF1E8F266100C2E103 /* sphero.jpg */,
				B567A0E01E8F266100C2E103 /* tab2.png */,
				B567A0E11E8F266100C2E103 /* tab4.png */,
				B567A0E21E8F266100C2E103 /* tw.png */,
			);
			path = images;
			sourceTree = "<group>";
		};
		B567A0E81E8F266100C2E103 /* Products */ = {
			isa = PBXGroup;
			name = Products;
			sourceTree = "<group>";
		};
		B5B508A61AB1237100080865 = {
			isa = PBXGroup;
			children = (
				B567A0B81E8F266100C2E103 /* about.html */,
				B567A0B91E8F266100C2E103 /* contact.html */,
				B567A0BA1E8F266100C2E103 /* ContactUs.php */,
				B567A0BB1E8F266100C2E103 /* css */,
				B567A0BD1E8F266100C2E103 /* ICETank.html */,
				B567A0BE1E8F266100C2E103 /* images */,
				B567A0E31E8F266100C2E103 /* index.html */,
				B567A0E41E8F266100C2E103 /* iPushUpCounter.html */,
				B567A0E51E8F266100C2E103 /* iPushUpCounterPro.html */,
				B567A0E61E8F266100C2E103 /* iSitUp.html */,
				B567A0E71E8F266100C2E103 /* MarzWebsite.xcodeproj */,
				B567A0EA1E8F266100C2E103 /* NYRCDevotionals.html */,
				B567A0EB1E8F266100C2E103 /* RoadTripGames.html */,
			);
			sourceTree = "<group>";
		};
/* End PBXGroup section */

/* Begin PBXProject section */
		B5B508A71AB1237100080865 /* Project object */ = {
			isa = PBXProject;
			attributes = {
				LastUpgradeCheck = 0610;
			};
			buildConfigurationList = B5B508AA1AB1237100080865 /* Build configuration list for PBXProject "MarzWebsite" */;
			compatibilityVersion = "Xcode 3.2";
			developmentRegion = English;
			hasScannedForEncodings = 0;
			knownRegions = (
				en,
			);
			mainGroup = B5B508A61AB1237100080865;
			projectDirPath = "";
			projectReferences = (
				{
					ProductGroup = B567A0E81E8F266100C2E103 /* Products */;
					ProjectRef = B567A0E71E8F266100C2E103 /* MarzWebsite.xcodeproj */;
				},
			);
			projectRoot = "";
			targets = (
			);
		};
/* End PBXProject section */

/* Begin XCBuildConfiguration section */
		B5B508AB1AB1237100080865 /* Debug */ = {
			isa = XCBuildConfiguration;
			buildSettings = {
			};
			name = Debug;
		};
		B5B508AC1AB1237100080865 /* Release */ = {
			isa = XCBuildConfiguration;
			buildSettings = {
			};
			name = Release;
		};
/* End XCBuildConfiguration section */

/* Begin XCConfigurationList section */
		B5B508AA1AB1237100080865 /* Build configuration list for PBXProject "MarzWebsite" */ = {
			isa = XCConfigurationList;
			buildConfigurations = (
				B5B508AB1AB1237100080865 /* Debug */,
				B5B508AC1AB1237100080865 /* Release */,
			);
			defaultConfigurationIsVisible = 0;
			defaultConfigurationName = Release;
		};
/* End XCConfigurationList section */
	};
	rootObject = B5B508A71AB1237100080865 /* Project object */;
}
